---
label: Hero Block
hide_body: true
fields:
- name: hero_headline
  type: text
  config:
    required: false
  label: Hero Headline
- name: hero_subhead
  type: text
  config:
    required: false
  label: Hero Subhead
- name: cta_button
  type: text
  config:
    required: false
  label: CTA Button
- name: hero_size
  type: select
  default: []
  config:
    required: false
    options: []
    source:
      type: simple
      section: 
      file: 
      path: 
  label: Hero Size
