---
label: Hero Block
hide_body: true
fields:
- name: hero_headline
  type: text
  config:
    required: false
  label: Hero Headline
- name: hero_subhead
  type: text
  config:
    required: false
  label: Hero Subhead
- name: cta_button
  type: text
  config:
    required: false
  label: CTA Button
- name: hero_size
  type: select
  default: []
  config:
    required: false
    options: []
    source:
      type: simple
      section: 
      file: 
      path: 
  label: Hero Size
- name: hero_image
  type: file
  config:
    maxSize: 64
  label: Hero Image
- name: text
  type: include
  config: {}
  template: text-column
  label: Text
- name: '3'
  type: include
  config: {}
  template: 3-column-text
  label: '3'
- name: test
  type: field_group_list
  fields:
  - name: test
    type: include
    config: {}
    template: text-column
    label: test
  config:
    min: 
    max: 3
    labelField: 
  label: test
- name: background_color
  type: color
  config:
    required: false
    color_format: Hex
  label: Background Color
