---
label: Section
hide_body: true
fields:
- name: blocks
  type: blocks
  label: Section Blocks
  template_types:
  - 3-column-text
  - hero-block
  config:
    min: 
    max: 
- name: section_background
  type: color
  label: Section Background
  config:
    required: false
    color_format: Hex
- name: section_spacing
  type: select
  default: []
  config:
    required: false
    options: []
    source:
      type: simple
      section: 
      file: 
      path: 
  label: Section Spacing
